{
  "name": "vblog",
  "version": "1.0.0",
  "lockfileVersion": 1,
  "requires": true,
  "dependencies": {
    "testnnn": {
      "version": "1.1.0",
      "resolved": "https://registry.npmjs.org/testnnn/-/testnnn-1.1.0.tgz",
      "integrity": "sha512-yo7pquHMQ/Gw+JMpL4eqolwm/lgP49YkRqDcTTMIXB+uQSni7zNwvr9KuXUiVXZCtOLnc8ebwHlPQ/KxOIaDuA==",
      "requires": {
        "testnnn": "1.1.0"
      }
    }
  }
}
